// !$*UTF8*$!
{
	archiveVersion = 1;
	classes = {
	};
	objectVersion = 50;
	objects = {

/* Begin PBXBuildFile section */
		508947171FA9C22A519F9693 /* Pods_PIxel_City.framework in Frameworks */ = {isa = PBXBuildFile; fileRef = 86E95BD7A45D64E44ACDCD79 /* Pods_PIxel_City.framework */; };
		6E3E75FA244CA3950078C518 /* DroppablePinView.swift in Sources */ = {isa = PBXBuildFile; fileRef = 6E3E75F9244CA3950078C518 /* DroppablePinView.swift */; };
		6E494108244C703200CFAE10 /* AppDelegate.swift in Sources */ = {isa = PBXBuildFile; fileRef = 6E494107244C703200CFAE10 /* AppDelegate.swift */; };
		6E49410A244C703200CFAE10 /* SceneDelegate.swift in Sources */ = {isa = PBXBuildFile; fileRef = 6E494109244C703200CFAE10 /* SceneDelegate.swift */; };
		6E49410C244C703200CFAE10 /* MapViewController.swift in Sources */ = {isa = PBXBuildFile; fileRef = 6E49410B244C703200CFAE10 /* MapViewController.swift */; };
		6E49410F244C703200CFAE10 /* Main.storyboard in Resources */ = {isa = PBXBuildFile; fileRef = 6E49410D244C703200CFAE10 /* Main.storyboard */; };
		6E494111244C703800CFAE10 /* Assets.xcassets in Resources */ = {isa = PBXBuildFile; fileRef = 6E494110244C703800CFAE10 /* Assets.xcassets */; };
		6E494114244C703800CFAE10 /* LaunchScreen.storyboard in Resources */ = {isa = PBXBuildFile; fileRef = 6E494112244C703800CFAE10 /* LaunchScreen.storyboard */; };
/* End PBXBuildFile section */

/* Begin PBXFileReference section */
		6E3E75F9244CA3950078C518 /* DroppablePinView.swift */ = {isa = PBXFileReference; lastKnownFileType = sourcecode.swift; path = DroppablePinView.swift; sourceTree = "<group>"; };
		6E494104244C703200CFAE10 /* Pixel City.app */ = {isa = PBXFileReference; explicitFileType = wrapper.application; includeInIndex = 0; path = "Pixel City.app"; sourceTree = BUILT_PRODUCTS_DIR; };
		6E494107244C703200CFAE10 /* AppDelegate.swift */ = {isa = PBXFileReference; lastKnownFileType = sourcecode.swift; path = AppDelegate.swift; sourceTree = "<group>"; };
		6E494109244C703200CFAE10 /* SceneDelegate.swift */ = {isa = PBXFileReference; lastKnownFileType = sourcecode.swift; path = SceneDelegate.swift; sourceTree = "<group>"; };
		6E49410B244C703200CFAE10 /* MapViewController.swift */ = {isa = PBXFileReference; lastKnownFileType = sourcecode.swift; path = MapViewController.swift; sourceTree = "<group>"; };
		6E49410E244C703200CFAE10 /* Base */ = {isa = PBXFileReference; lastKnownFileType = file.storyboard; name = Base; path = Base.lproj/Main.storyboard; sourceTree = "<group>"; };
		6E494110244C703800CFAE10 /* Assets.xcassets */ = {isa = PBXFileReference; lastKnownFileType = folder.assetcatalog; path = Assets.xcassets; sourceTree = "<group>"; };
		6E494113244C703800CFAE10 /* Base */ = {isa = PBXFileReference; lastKnownFileType = file.storyboard; name = Base; path = Base.lproj/LaunchScreen.storyboard; sourceTree = "<group>"; };
		6E494115244C703800CFAE10 /* Info.plist */ = {isa = PBXFileReference; lastKnownFileType = text.plist.xml; path = Info.plist; sourceTree = "<group>"; };
		73AF0EE1135C83990F5137F0 /* Pods-PIxel City.release.xcconfig */ = {isa = PBXFileReference; includeInIndex = 1; lastKnownFileType = text.xcconfig; name = "Pods-PIxel City.release.xcconfig"; path = "Pods/Target Support Files/Pods-PIxel City/Pods-PIxel City.release.xcconfig"; sourceTree = "<group>"; };
		86E95BD7A45D64E44ACDCD79 /* Pods_PIxel_City.framework */ = {isa = PBXFileReference; explicitFileType = wrapper.framework; includeInIndex = 0; path = Pods_PIxel_City.framework; sourceTree = BUILT_PRODUCTS_DIR; };
		EE635E3539067D6EA017B41E /* Pods-PIxel City.debug.xcconfig */ = {isa = PBXFileReference; includeInIndex = 1; lastKnownFileType = text.xcconfig; name = "Pods-PIxel City.debug.xcconfig"; path = "Pods/Target Support Files/Pods-PIxel City/Pods-PIxel City.debug.xcconfig"; sourceTree = "<group>"; };
/* End PBXFileReference section */

/* Begin PBXFrameworksBuildPhase section */
		6E494101244C703200CFAE10 /* Frameworks */ = {
			isa = PBXFrameworksBuildPhase;
			buildActionMask = 2147483647;
			files = (
				508947171FA9C22A519F9693 /* Pods_PIxel_City.framework in Frameworks */,
			);
			runOnlyForDeploymentPostprocessing = 0;
		};
/* End PBXFrameworksBuildPhase section */

/* Begin PBXGroup section */
		440F80373AD6CC7BF0D332FC /* Frameworks */ = {
			isa = PBXGroup;
			children = (
				86E95BD7A45D64E44ACDCD79 /* Pods_PIxel_City.framework */,
			);
			name = Frameworks;
			sourceTree = "<group>";
		};
		6E4940FB244C703200CFAE10 = {
			isa = PBXGroup;
			children = (
				6E494106244C703200CFAE10 /* PIxel City */,
				6E494105244C703200CFAE10 /* Products */,
				FA26CB24CE85E9D6289E1F5E /* Pods */,
				440F80373AD6CC7BF0D332FC /* Frameworks */,
			);
			sourceTree = "<group>";
		};
		6E494105244C703200CFAE10 /* Products */ = {
			isa = PBXGroup;
			children = (
				6E494104244C703200CFAE10 /* Pixel City.app */,
			);
			name = Products;
			sourceTree = "<group>";
		};
		6E494106244C703200CFAE10 /* PIxel City */ = {
			isa = PBXGroup;
			children = (
				6E49411B244C705F00CFAE10 /* Controllers */,
				6E49411C244C706A00CFAE10 /* Model */,
				6E49411D244C707300CFAE10 /* View */,
				6E49411E244C709600CFAE10 /* Utilities */,
				6E494107244C703200CFAE10 /* AppDelegate.swift */,
				6E494110244C703800CFAE10 /* Assets.xcassets */,
				6E494115244C703800CFAE10 /* Info.plist */,
				6E494112244C703800CFAE10 /* LaunchScreen.storyboard */,
				6E49410D244C703200CFAE10 /* Main.storyboard */,
				6E494109244C703200CFAE10 /* SceneDelegate.swift */,
			);
			path = "PIxel City";
			sourceTree = "<group>";
		};
		6E49411B244C705F00CFAE10 /* Controllers */ = {
			isa = PBXGroup;
			children = (
				6E49410B244C703200CFAE10 /* MapViewController.swift */,
			);
			path = Controllers;
			sourceTree = "<group>";
		};
		6E49411C244C706A00CFAE10 /* Model */ = {
			isa = PBXGroup;
			children = (
			);
			path = Model;
			sourceTree = "<group>";
		};
		6E49411D244C707300CFAE10 /* View */ = {
			isa = PBXGroup;
			children = (
				6E3E75F9244CA3950078C518 /* DroppablePinView.swift */,
			);
			path = View;
			sourceTree = "<group>";
		};
		6E49411E244C709600CFAE10 /* Utilities */ = {
			isa = PBXGroup;
			children = (
			);
			path = Utilities;
			sourceTree = "<group>";
		};
		FA26CB24CE85E9D6289E1F5E /* Pods */ = {
			isa = PBXGroup;
			children = (
				EE635E3539067D6EA017B41E /* Pods-PIxel City.debug.xcconfig */,
				73AF0EE1135C83990F5137F0 /* Pods-PIxel City.release.xcconfig */,
			);
			name = Pods;
			sourceTree = "<group>";
		};
/* End PBXGroup section */

/* Begin PBXNativeTarget section */
		6E494103244C703200CFAE10 /* PIxel City */ = {
			isa = PBXNativeTarget;
			buildConfigurationList = 6E494118244C703800CFAE10 /* Build configuration list for PBXNativeTarget "PIxel City" */;
			buildPhases = (
				AA38E79BD8AE432E6CF1950F /* [CP] Check Pods Manifest.lock */,
				6E494100244C703200CFAE10 /* Sources */,
				6E494101244C703200CFAE10 /* Frameworks */,
				6E494102244C703200CFAE10 /* Resources */,
				2D8126F9FA347C56E3D67718 /* [CP] Embed Pods Frameworks */,
			);
			buildRules = (
			);
			dependencies = (
			);
			name = "PIxel City";
			productName = "PIxel City";
			productReference = 6E494104244C703200CFAE10 /* Pixel City.app */;
			productType = "com.apple.product-type.application";
		};
/* End PBXNativeTarget section */

/* Begin PBXProject section */
		6E4940FC244C703200CFAE10 /* Project object */ = {
			isa = PBXProject;
			attributes = {
				LastSwiftUpdateCheck = 1140;
				LastUpgradeCheck = 1140;
				ORGANIZATIONNAME = "Chris Mercer";
				TargetAttributes = {
					6E494103244C703200CFAE10 = {
						CreatedOnToolsVersion = 11.4.1;
					};
				};
			};
			buildConfigurationList = 6E4940FF244C703200CFAE10 /* Build configuration list for PBXProject "Pixel City" */;
			compatibilityVersion = "Xcode 9.3";
			developmentRegion = en;
			hasScannedForEncodings = 0;
			knownRegions = (
				en,
				Base,
			);
			mainGroup = 6E4940FB244C703200CFAE10;
			productRefGroup = 6E494105244C703200CFAE10 /* Products */;
			projectDirPath = "";
			projectRoot = "";
			targets = (
				6E494103244C703200CFAE10 /* PIxel City */,
			);
		};
/* End PBXProject section */

/* Begin PBXResourcesBuildPhase section */
		6E494102244C703200CFAE10 /* Resources */ = {
			isa = PBXResourcesBuildPhase;
			buildActionMask = 2147483647;
			files = (
				6E494114244C703800CFAE10 /* LaunchScreen.storyboard in Resources */,
				6E494111244C703800CFAE10 /* Assets.xcassets in Resources */,
				6E49410F244C703200CFAE10 /* Main.storyboard in Resources */,
			);
			runOnlyForDeploymentPostprocessing = 0;
		};
/* End PBXResourcesBuildPhase section */

/* Begin PBXShellScriptBuildPhase section */
		2D8126F9FA347C56E3D67718 /* [CP] Embed Pods Frameworks */ = {
			isa = PBXShellScriptBuildPhase;
			buildActionMask = 2147483647;
			files = (
			);
			inputPaths = (
				"${SRCROOT}/Pods/Target Support Files/Pods-PIxel City/Pods-PIxel City-frameworks.sh",
				"${BUILT_PRODUCTS_DIR}/Alamofire/Alamofire.framework",
				"${BUILT_PRODUCTS_DIR}/AlamofireImage/AlamofireImage.framework",
			);
			name = "[CP] Embed Pods Frameworks";
			outputPaths = (
				"${TARGET_BUILD_DIR}/${FRAMEWORKS_FOLDER_PATH}/Alamofire.framework",
				"${TARGET_BUILD_DIR}/${FRAMEWORKS_FOLDER_PATH}/AlamofireImage.framework",
			);
			runOnlyForDeploymentPostprocessing = 0;
			shellPath = /bin/sh;
			shellScript = "\"${SRCROOT}/Pods/Target Support Files/Pods-PIxel City/Pods-PIxel City-frameworks.sh\"\n";
			showEnvVarsInLog = 0;
		};
		AA38E79BD8AE432E6CF1950F /* [CP] Check Pods Manifest.lock */ = {
			isa = PBXShellScriptBuildPhase;
			buildActionMask = 2147483647;
			files = (
			);
			inputPaths = (
				"${PODS_PODFILE_DIR_PATH}/Podfile.lock",
				"${PODS_ROOT}/Manifest.lock",
			);
			name = "[CP] Check Pods Manifest.lock";
			outputPaths = (
				"$(DERIVED_FILE_DIR)/Pods-PIxel City-checkManifestLockResult.txt",
			);
			runOnlyForDeploymentPostprocessing = 0;
			shellPath = /bin/sh;
			shellScript = "diff \"${PODS_PODFILE_DIR_PATH}/Podfile.lock\" \"${PODS_ROOT}/Manifest.lock\" > /dev/null\nif [ $? != 0 ] ; then\n    # print error to STDERR\n    echo \"error: The sandbox is not in sync with the Podfile.lock. Run 'pod install' or update your CocoaPods installation.\" >&2\n    exit 1\nfi\n# This output is used by Xcode 'outputs' to avoid re-running this script phase.\necho \"SUCCESS\" > \"${SCRIPT_OUTPUT_FILE_0}\"\n";
			showEnvVarsInLog = 0;
		};
/* End PBXShellScriptBuildPhase section */

/* Begin PBXSourcesBuildPhase section */
		6E494100244C703200CFAE10 /* Sources */ = {
			isa = PBXSourcesBuildPhase;
			buildActionMask = 2147483647;
			files = (
				6E3E75FA244CA3950078C518 /* DroppablePinView.swift in Sources */,
				6E49410C244C703200CFAE10 /* MapViewController.swift in Sources */,
				6E494108244C703200CFAE10 /* AppDelegate.swift in Sources */,
				6E49410A244C703200CFAE10 /* SceneDelegate.swift in Sources */,
			);
			runOnlyForDeploymentPostprocessing = 0;
		};
/* End PBXSourcesBuildPhase section */

/* Begin PBXVariantGroup section */
		6E49410D244C703200CFAE10 /* Main.storyboard */ = {
			isa = PBXVariantGroup;
			children = (
				6E49410E244C703200CFAE10 /* Base */,
			);
			name = Main.storyboard;
			sourceTree = "<group>";
		};
		6E494112244C703800CFAE10 /* LaunchScreen.storyboard */ = {
			isa = PBXVariantGroup;
			children = (
				6E494113244C703800CFAE10 /* Base */,
			);
			name = LaunchScreen.storyboard;
			sourceTree = "<group>";
		};
/* End PBXVariantGroup section */

/* Begin XCBuildConfiguration section */
		6E494116244C703800CFAE10 /* Debug */ = {
			isa = XCBuildConfiguration;
			buildSettings = {
				ALWAYS_SEARCH_USER_PATHS = NO;
				CLANG_ANALYZER_NONNULL = YES;
				CLANG_ANALYZER_NUMBER_OBJECT_CONVERSION = YES_AGGRESSIVE;
				CLANG_CXX_LANGUAGE_STANDARD = "gnu++14";
				CLANG_CXX_LIBRARY = "libc++";
				CLANG_ENABLE_MODULES = YES;
				CLANG_ENABLE_OBJC_ARC = YES;
				CLANG_ENABLE_OBJC_WEAK = YES;
				CLANG_WARN_BLOCK_CAPTURE_AUTORELEASING = YES;
				CLANG_WARN_BOOL_CONVERSION = YES;
				CLANG_WARN_COMMA = YES;
				CLANG_WARN_CONSTANT_CONVERSION = YES;
				CLANG_WARN_DEPRECATED_OBJC_IMPLEMENTATIONS = YES;
				CLANG_WARN_DIRECT_OBJC_ISA_USAGE = YES_ERROR;
				CLANG_WARN_DOCUMENTATION_COMMENTS = YES;
				CLANG_WARN_EMPTY_BODY = YES;
				CLANG_WARN_ENUM_CONVERSION = YES;
				CLANG_WARN_INFINITE_RECURSION = YES;
				CLANG_WARN_INT_CONVERSION = YES;
				CLANG_WARN_NON_LITERAL_NULL_CONVERSION = YES;
				CLANG_WARN_OBJC_IMPLICIT_RETAIN_SELF = YES;
				CLANG_WARN_OBJC_LITERAL_CONVERSION = YES;
				CLANG_WARN_OBJC_ROOT_CLASS = YES_ERROR;
				CLANG_WARN_RANGE_LOOP_ANALYSIS = YES;
				CLANG_WARN_STRICT_PROTOTYPES = YES;
				CLANG_WARN_SUSPICIOUS_MOVE = YES;
				CLANG_WARN_UNGUARDED_AVAILABILITY = YES_AGGRESSIVE;
				CLANG_WARN_UNREACHABLE_CODE = YES;
				CLANG_WARN__DUPLICATE_METHOD_MATCH = YES;
				COPY_PHASE_STRIP = NO;
				DEBUG_INFORMATION_FORMAT = dwarf;
				ENABLE_STRICT_OBJC_MSGSEND = YES;
				ENABLE_TESTABILITY = YES;
				GCC_C_LANGUAGE_STANDARD = gnu11;
				GCC_DYNAMIC_NO_PIC = NO;
				GCC_NO_COMMON_BLOCKS = YES;
				GCC_OPTIMIZATION_LEVEL = 0;
				GCC_PREPROCESSOR_DEFINITIONS = (
					"DEBUG=1",
					"$(inherited)",
				);
				GCC_WARN_64_TO_32_BIT_CONVERSION = YES;
				GCC_WARN_ABOUT_RETURN_TYPE = YES_ERROR;
				GCC_WARN_UNDECLARED_SELECTOR = YES;
				GCC_WARN_UNINITIALIZED_AUTOS = YES_AGGRESSIVE;
				GCC_WARN_UNUSED_FUNCTION = YES;
				GCC_WARN_UNUSED_VARIABLE = YES;
				IPHONEOS_DEPLOYMENT_TARGET = 13.4;
				MTL_ENABLE_DEBUG_INFO = INCLUDE_SOURCE;
				MTL_FAST_MATH = YES;
				ONLY_ACTIVE_ARCH = YES;
				SDKROOT = iphoneos;
				SWIFT_ACTIVE_COMPILATION_CONDITIONS = DEBUG;
				SWIFT_OPTIMIZATION_LEVEL = "-Onone";
			};
			name = Debug;
		};
		6E494117244C703800CFAE10 /* Release */ = {
			isa = XCBuildConfiguration;
			buildSettings = {
				ALWAYS_SEARCH_USER_PATHS = NO;
				CLANG_ANALYZER_NONNULL = YES;
				CLANG_ANALYZER_NUMBER_OBJECT_CONVERSION = YES_AGGRESSIVE;
				CLANG_CXX_LANGUAGE_STANDARD = "gnu++14";
				CLANG_CXX_LIBRARY = "libc++";
				CLANG_ENABLE_MODULES = YES;
				CLANG_ENABLE_OBJC_ARC = YES;
				CLANG_ENABLE_OBJC_WEAK = YES;
				CLANG_WARN_BLOCK_CAPTURE_AUTORELEASING = YES;
				CLANG_WARN_BOOL_CONVERSION = YES;
				CLANG_WARN_COMMA = YES;
				CLANG_WARN_CONSTANT_CONVERSION = YES;
				CLANG_WARN_DEPRECATED_OBJC_IMPLEMENTATIONS = YES;
				CLANG_WARN_DIRECT_OBJC_ISA_USAGE = YES_ERROR;
				CLANG_WARN_DOCUMENTATION_COMMENTS = YES;
				CLANG_WARN_EMPTY_BODY = YES;
				CLANG_WARN_ENUM_CONVERSION = YES;
				CLANG_WARN_INFINITE_RECURSION = YES;
				CLANG_WARN_INT_CONVERSION = YES;
				CLANG_WARN_NON_LITERAL_NULL_CONVERSION = YES;
				CLANG_WARN_OBJC_IMPLICIT_RETAIN_SELF = YES;
				CLANG_WARN_OBJC_LITERAL_CONVERSION = YES;
				CLANG_WARN_OBJC_ROOT_CLASS = YES_ERROR;
				CLANG_WARN_RANGE_LOOP_ANALYSIS = YES;
				CLANG_WARN_STRICT_PROTOTYPES = YES;
				CLANG_WARN_SUSPICIOUS_MOVE = YES;
				CLANG_WARN_UNGUARDED_AVAILABILITY = YES_AGGRESSIVE;
				CLANG_WARN_UNREACHABLE_CODE = YES;
				CLANG_WARN__DUPLICATE_METHOD_MATCH = YES;
				COPY_PHASE_STRIP = NO;
				DEBUG_INFORMATION_FORMAT = "dwarf-with-dsym";
				ENABLE_NS_ASSERTIONS = NO;
				ENABLE_STRICT_OBJC_MSGSEND = YES;
				GCC_C_LANGUAGE_STANDARD = gnu11;
				GCC_NO_COMMON_BLOCKS = YES;
				GCC_WARN_64_TO_32_BIT_CONVERSION = YES;
				GCC_WARN_ABOUT_RETURN_TYPE = YES_ERROR;
				GCC_WARN_UNDECLARED_SELECTOR = YES;
				GCC_WARN_UNINITIALIZED_AUTOS = YES_AGGRESSIVE;
				GCC_WARN_UNUSED_FUNCTION = YES;
				GCC_WARN_UNUSED_VARIABLE = YES;
				IPHONEOS_DEPLOYMENT_TARGET = 13.4;
				MTL_ENABLE_DEBUG_INFO = NO;
				MTL_FAST_MATH = YES;
				SDKROOT = iphoneos;
				SWIFT_COMPILATION_MODE = wholemodule;
				SWIFT_OPTIMIZATION_LEVEL = "-O";
				VALIDATE_PRODUCT = YES;
			};
			name = Release;
		};
		6E494119244C703800CFAE10 /* Debug */ = {
			isa = XCBuildConfiguration;
			baseConfigurationReference = EE635E3539067D6EA017B41E /* Pods-PIxel City.debug.xcconfig */;
			buildSettings = {
				ASSETCATALOG_COMPILER_APPICON_NAME = AppIcon;
				CODE_SIGN_STYLE = Automatic;
				DEVELOPMENT_TEAM = DY72ZUEU84;
				INFOPLIST_FILE = "PIxel City/Info.plist";
				LD_RUNPATH_SEARCH_PATHS = (
					"$(inherited)",
					"@executable_path/Frameworks",
				);
				PRODUCT_BUNDLE_IDENTIFIER = "com.chriswm.Pixel-City";
				PRODUCT_NAME = "Pixel City";
				SWIFT_VERSION = 5.0;
				TARGETED_DEVICE_FAMILY = "1,2";
			};
			name = Debug;
		};
		6E49411A244C703800CFAE10 /* Release */ = {
			isa = XCBuildConfiguration;
			baseConfigurationReference = 73AF0EE1135C83990F5137F0 /* Pods-PIxel City.release.xcconfig */;
			buildSettings = {
				ASSETCATALOG_COMPILER_APPICON_NAME = AppIcon;
				CODE_SIGN_STYLE = Automatic;
				DEVELOPMENT_TEAM = DY72ZUEU84;
				INFOPLIST_FILE = "PIxel City/Info.plist";
				LD_RUNPATH_SEARCH_PATHS = (
					"$(inherited)",
					"@executable_path/Frameworks",
				);
				PRODUCT_BUNDLE_IDENTIFIER = "com.chriswm.Pixel-City";
				PRODUCT_NAME = "Pixel City";
				SWIFT_VERSION = 5.0;
				TARGETED_DEVICE_FAMILY = "1,2";
			};
			name = Release;
		};
/* End XCBuildConfiguration section */

/* Begin XCConfigurationList section */
		6E4940FF244C703200CFAE10 /* Build configuration list for PBXProject "Pixel City" */ = {
			isa = XCConfigurationList;
			buildConfigurations = (
				6E494116244C703800CFAE10 /* Debug */,
				6E494117244C703800CFAE10 /* Release */,
			);
			defaultConfigurationIsVisible = 0;
			defaultConfigurationName = Release;
		};
		6E494118244C703800CFAE10 /* Build configuration list for PBXNativeTarget "PIxel City" */ = {
			isa = XCConfigurationList;
			buildConfigurations = (
				6E494119244C703800CFAE10 /* Debug */,
				6E49411A244C703800CFAE10 /* Release */,
			);
			defaultConfigurationIsVisible = 0;
			defaultConfigurationName = Release;
		};
/* End XCConfigurationList section */
	};
	rootObject = 6E4940FC244C703200CFAE10 /* Project object */;
}
